format=a-quo-omarchy-qemu-input-lock-v1
lock_id=a-quo-omarchy4-aarch64-dec29fa-qemu-v1
state=reviewed-input-selection
lock_authority=exact-qemu-package-elf-and-machine-config-selection-only
build_authorization=not-established
runnable=false
retention=caller-supplied-local-exact-bytes-required
durable_retention=not-established
lock_authentication=external-pinned-git-object-required
self_authentication=none
lock_repository=https://github.com/SurreptitiousFabric/a-quo.git
lock_path=packaging/evaluation-input-locks/a-quo-omarchy4-aarch64-dec29fa-qemu-v1.lock
profile_repository=https://github.com/SurreptitiousFabric/a-quo.git
profile_commit=e13e74dca3472e54501b35c9b57ee89f57c6aed3
profile_path=packaging/evaluation-targets/a-quo-omarchy4-aarch64-dec29fa-v2.profile
profile_sha256=3c059094f820ee9ee3891e42a9f965c04a3d889b8b86904f7457175e307fc7b6
profile_id=a-quo-omarchy4-aarch64-dec29fa-v2
profile_state=bootstrap-unarmed
profile_armable=false
profile_field_count=129
target_kind=virtual-reference-target
architecture=aarch64
evidence_namespace=phase-a-aarch64-dec29fa
input_class=06-qemu-binaries-and-machine-config
selected_input_scope=ubuntu-qemu-debs-elf-members-and-reviewed-start-vm
apt_candidate_status=complete-candidate-no-authority
apt_candidate_snapshot_id=20260831T000000Z
apt_candidate_archive_equivalence=not-established
apt_candidate_signature_replay=not-independently-replayed
builder_context_lock_id=a-quo-omarchy4-aarch64-dec29fa-builder-context-v1
builder_context_lock_path=packaging/evaluation-input-locks/a-quo-omarchy4-aarch64-dec29fa-builder-context-v1.lock
builder_context_lock_sha256=4865e1c9bf4159541afff7d138dee41edc215d988862a0b2d30ed81b09b53f8d
builder_source_commit=dec29fa90afc3d16a7e0c487c1869c7e512282ca
builder_start_vm_source_path=test/vm/asahi-fresh/container/start-vm
builder_start_vm_source_mode=100755
builder_start_vm_size=1077
builder_start_vm_sha256=66dd99fad26eee42cdf7062bfbeefc2951f7edf83114312217b007cb43e735e0
builder_dependency_route_07_hash=022af0a178ee37e98747886ded9263a70f94e33bb3c3235eaca132e647b673f1
builder_dependency_route_14_hash=d35b56d13297792fab98652c06e82a4fffdda835677687d504570f2230689862
object_count=7
object_01=apt-candidate-receipt|receipt.apt.v1|text/plain|1688|c99f29429d8d6f87c0651154dee28153af4b6d6c0c47908ca767067d3f1f5d13
object_02=apt-object-manifest|objects.manifest|text/plain|14988|731cde75cece74a2b22cb22e24484951420b44321453fe1abd898b16744ebdaf
object_03=qemu-system-arm-package|qemu-system-arm_1%3a8.2.2+ds-0ubuntu1.18_arm64.deb|application/vnd.debian.binary-package|10250374|3f7024459848a11bd171045da5d3c8f2e0a93e67e5651ab6b164f45bad954200
object_04=qemu-system-common-package|qemu-system-common_1%3a8.2.2+ds-0ubuntu1.18_arm64.deb|application/vnd.debian.binary-package|1221176|ed4a606a664cd0090b0316150f2ee1d131573e573f954db56166c1385f001801
object_05=qemu-system-data-package|qemu-system-data_1%3a8.2.2+ds-0ubuntu1.18_all.deb|application/vnd.debian.binary-package|1796342|a14b88d864859bd61c8a3274971da4ecb7da6cec15be6c265d0d411f783d5f2e
object_06=qemu-utils-package|qemu-utils_1%3a8.2.2+ds-0ubuntu1.18_arm64.deb|application/vnd.debian.binary-package|2038370|a7f7ded1090721ea524ad4616fb4ea8111c45b5690bbb066d7d703e63fcef7c6
object_07=machine-config-script|start-vm|text/x-shellscript|1077|66dd99fad26eee42cdf7062bfbeefc2951f7edf83114312217b007cb43e735e0
apt_manifest_package_record_01=package|packages/qemu-system-arm_1%3a8.2.2+ds-0ubuntu1.18_arm64.deb|10250374|3f7024459848a11bd171045da5d3c8f2e0a93e67e5651ab6b164f45bad954200
apt_manifest_package_record_02=package|packages/qemu-system-common_1%3a8.2.2+ds-0ubuntu1.18_arm64.deb|1221176|ed4a606a664cd0090b0316150f2ee1d131573e573f954db56166c1385f001801
apt_manifest_package_record_03=package|packages/qemu-system-data_1%3a8.2.2+ds-0ubuntu1.18_all.deb|1796342|a14b88d864859bd61c8a3274971da4ecb7da6cec15be6c265d0d411f783d5f2e
apt_manifest_package_record_04=package|packages/qemu-utils_1%3a8.2.2+ds-0ubuntu1.18_arm64.deb|2038370|a7f7ded1090721ea524ad4616fb4ea8111c45b5690bbb066d7d703e63fcef7c6
package_count=4
package_01_identity=qemu-system-arm|qemu|1:8.2.2+ds-0ubuntu1.18|arm64
package_01_ar_01=debian-binary|4|d526eb4e878a23ef26ae190031b4efd2d58ed66789ac049ea3dbaf74c9df7402
package_01_ar_02=control.tar.zst|1421|8175720f516904c8c8ae742a7e9a746d2d2127c0fa2717f01c8b207b440b7fc7
package_01_ar_03=data.tar.zst|10248760|5e2c9e5c07e01a2fca655808473505a4fb8a9896d36caf730203c6fbb71829eb
package_01_control_tar=10240|f5d962f43e7b3e0d710ff1d30507035aa14b84bd5ac8608ed9b24ad2d1f6e15d
package_01_control_member=./control|2213|a96e862b666126019c7f1327f3c40a5414e6c29927b48d89b31bee28e2d24e78
package_01_data_tar=60108800|eebb85b5716497ca99aed8836268d469124be4b92ba2752b4e1bf4ed43dd18a4
package_01_data_entry_count=20
package_02_identity=qemu-system-common|qemu|1:8.2.2+ds-0ubuntu1.18|arm64
package_02_ar_01=debian-binary|4|d526eb4e878a23ef26ae190031b4efd2d58ed66789ac049ea3dbaf74c9df7402
package_02_ar_02=control.tar.zst|5945|e1436d4da275b33c058d8cbe28e786e25f95bfa0fa98b821ef435bae3ca8a8c1
package_02_ar_03=data.tar.zst|1215037|0fb096a9d75f8dba3c1cb7209505f11c6d9f7f15b687f36b167bd832992fddc0
package_02_control_tar=30720|ed9e04b7fdef1595bbd745414decf50d3a350e4cb40d3057935d35855d36af89
package_02_control_member=./control|1272|3232c5d59e454c2d9658ba49ed1f7ddd88721587e29a756273ca273dfb7b698f
package_02_data_tar=7925760|ed15186727791d6f32537c0b569888293e7594cda4fa4acd3ff30b1948d86aeb
package_02_data_entry_count=194
package_03_identity=qemu-system-data|qemu|1:8.2.2+ds-0ubuntu1.18|all
package_03_ar_01=debian-binary|4|d526eb4e878a23ef26ae190031b4efd2d58ed66789ac049ea3dbaf74c9df7402
package_03_ar_02=control.tar.zst|3414|e4fb4a492f4f64710a795c27ed25e33fa2a1ce4ffb19fcbc50aa21d1eb91e62a
package_03_ar_03=data.tar.zst|1792735|7b145dac919ee437942c90dcc01ac9f8d654cd5421128cb5659204eccea2db78
package_03_control_tar=20480|26fc72e009aca88278c225e4449d101a2dc6602915060b7d4e5b30c03c7f1ec0
package_03_control_member=./control|842|d1acaee572b14d4c7d40912b16895810baf5c8a98cb40861463984473e6319a2
package_03_data_tar=9328640|366faf3142552bf087d80de2eacf711da319e6431f6deb0096472465beb5ac0f
package_03_data_entry_count=123
package_04_identity=qemu-utils|qemu|1:8.2.2+ds-0ubuntu1.18|arm64
package_04_ar_01=debian-binary|4|d526eb4e878a23ef26ae190031b4efd2d58ed66789ac049ea3dbaf74c9df7402
package_04_ar_02=control.tar.zst|1298|67a81192b143050abcbf1a25e07adcffdad450a111c5ca24b5e277aa5c505168
package_04_ar_03=data.tar.zst|2036879|ed9596072fea2a1d220333d63bfba2db642f6c039efff1235d32a996b60cd88e
package_04_control_tar=10240|01730d101ca1095759b3a361b8a5fd43ff3ce33e3fce142104ae1588221d75a0
package_04_control_member=./control|1306|adb5be209291061b67d925be091f11fbe864d1f10c3345412ea3a00f93bca819
package_04_data_tar=11520000|c7398a44515a27ffed739b568ec476463c3894fd454e2f7d86ac7db081922739
package_04_data_entry_count=22
elf_member_count=4
elf_member_01=03|./usr/bin/qemu-system-aarch64|31341600|e19e11bd054ccf0f3cfcea8e0acdcc4288de6abd2ed6c30f743092c362eb2673|0755|0|0|elf64|little|et-dyn|aarch64|/lib/ld-linux-aarch64.so.1|8696f29ac7f83e7028bafb117a8afeb486303374|now-pie
elf_member_01_needed_count=29
elf_member_01_needed=libfdt.so.1,libz.so.1,libpixman-1.so.0,libgnutls.so.30,libpng16.so.16,libjpeg.so.8,libsasl2.so.2,libudev.so.1,libpmem.so.1,libseccomp.so.2,libnuma.so.1,libgio-2.0.so.0,libgobject-2.0.so.0,libglib-2.0.so.0,librdmacm.so.1,libibverbs.so.1,libzstd.so.1,libslirp.so.0,libbpf.so.1,liburing.so.2,libgmodule-2.0.so.0,libm.so.6,libnettle.so.8,libgmp.so.10,libhogweed.so.6,libfuse3.so.3,libaio.so.1t64,libc.so.6,ld-linux-aarch64.so.1
elf_member_02=06|./usr/bin/qemu-img|2553056|f26da24f8a7fd880ab13f6fcabf42d099fb68ea86df5de0c55e6faadfe2d9a6e|0755|0|0|elf64|little|et-dyn|aarch64|/lib/ld-linux-aarch64.so.1|bb60f504d7f955c84688915bfe32af2a21fe0b74|now-pie
elf_member_02_needed_count=14
elf_member_02_needed=libnuma.so.1,liburing.so.2,libglib-2.0.so.0,libgmodule-2.0.so.0,libgnutls.so.30,libm.so.6,libzstd.so.1,libz.so.1,libaio.so.1t64,libnettle.so.8,libgmp.so.10,libhogweed.so.6,libc.so.6,ld-linux-aarch64.so.1
elf_member_03=04|./usr/lib/aarch64-linux-gnu/qemu/hw-display-virtio-gpu-pci.so|67704|886cba427448cb7fe429b4bdd2b7016956e7c7e406bb362792a29aaf2b58d7ec|0644|0|0|elf64|little|et-dyn|aarch64|none|c214e906aa0e6affe63d1ede6bb8fb8a12a8cd0a|now
elf_member_03_needed_count=0
elf_member_03_needed=none
elf_member_04=04|./usr/lib/aarch64-linux-gnu/qemu/hw-display-virtio-gpu.so|70632|617f8b2b61080dc4a7aa09e895cd895f852973e9ed33d7e024fdf4ccfcbb4793|0644|0|0|elf64|little|et-dyn|aarch64|none|c7d6f7e5bfe1da4b10a275eb921116b8a869d459|now
elf_member_04_needed_count=3
elf_member_04_needed=libpixman-1.so.0,libc.so.6,ld-linux-aarch64.so.1
qemu_img_binary=qemu-img
qemu_img_argument_count=8
qemu_img_operation=create
qemu_img_output_format=qcow2
qemu_img_backing_format=qcow2
qemu_system_binary=qemu-system-aarch64
qemu_system_argument_count=40
qemu_machine=virt
qemu_accelerator=kvm
qemu_gic_version=host
qemu_cpu=host
qemu_smp=8
qemu_memory_mib=8192
qemu_block_device=virtio-blk-pci
qemu_network_backend=user
qemu_host_forward=tcp:0.0.0.0:22-:22
qemu_network_device=virtio-net-pci
qemu_display_device=virtio-gpu-pci
qemu_usb_controller=qemu-xhci
qemu_usb_devices=usb-kbd,usb-tablet
qemu_vnc_bind=0.0.0.0:0
qemu_qmp=unix-run-qmp-server-nowait
qemu_monitor=unix-run-monitor-server-nowait
qemu_serial=file-run-serial-log
qemu_daemonize=true
qemu_public_bind_risk=ssh-forward-and-vnc-bind-all-interfaces-if-executed
qemu_kvm_host_coupling=required-not-executed
archive_filesystem_extraction=false
package_manager_execution=false
maintainer_scripts_executed=false
script_execution=false
profile_unresolved_input_count=10
remaining_input_count_if_lock_is_adopted=9
class_02_lock_status=not-established
dynamic_library_package_closure=not-established
qemu_module_load_trace=not-executed
kvm_acceleration_verification=not-executed
publisher_authentication=not-established
current_publisher_authorization=not-established
trusted_time=not-established
freshness=not-established
source_to_binary_provenance=not-established
safety=not-established
network_access=forbidden
mount_execution=forbidden
qemu_execution=forbidden
vm_execution=forbidden
