format=a-quo-omarchy-aavmf-input-lock-v1
lock_id=a-quo-omarchy4-aarch64-dec29fa-aavmf-v1
state=reviewed-input-selection
lock_authority=exact-deb-and-firmware-member-selection-only
build_authorization=not-established
runnable=false
retention=caller-supplied-local-exact-bytes-required
durable_retention=not-established
lock_authentication=external-pinned-git-object-required
self_authentication=none
lock_repository=https://github.com/SurreptitiousFabric/a-quo.git
lock_path=packaging/evaluation-input-locks/a-quo-omarchy4-aarch64-dec29fa-aavmf-v1.lock
profile_repository=https://github.com/SurreptitiousFabric/a-quo.git
profile_commit=e13e74dca3472e54501b35c9b57ee89f57c6aed3
profile_path=packaging/evaluation-targets/a-quo-omarchy4-aarch64-dec29fa-v2.profile
profile_sha256=3c059094f820ee9ee3891e42a9f965c04a3d889b8b86904f7457175e307fc7b6
profile_id=a-quo-omarchy4-aarch64-dec29fa-v2
profile_state=bootstrap-unarmed
profile_armable=false
profile_field_count=129
target_kind=virtual-reference-target
architecture=aarch64
evidence_namespace=phase-a-aarch64-dec29fa
input_class=07-aavmf-firmware
selected_input_scope=ubuntu-qemu-efi-aarch64-deb-and-harness-members
apt_candidate_status=complete-candidate-no-authority
apt_candidate_snapshot_id=20260831T000000Z
apt_candidate_archive_equivalence=not-established
apt_candidate_signature_replay=not-independently-replayed
object_count=3
object_01=apt-candidate-receipt|receipt.apt.v1|text/plain|1688|c99f29429d8d6f87c0651154dee28153af4b6d6c0c47908ca767067d3f1f5d13
object_02=apt-object-manifest|objects.manifest|text/plain|14988|731cde75cece74a2b22cb22e24484951420b44321453fe1abd898b16744ebdaf
object_03=qemu-efi-package|qemu-efi-aarch64_2024.02-2ubuntu0.9_all.deb|application/vnd.debian.binary-package|4115104|50d7c5f780f215db81677e08d21e681b61295ffe9040429cff9d9c2a0d03fe3d
apt_manifest_package_record=package|packages/qemu-efi-aarch64_2024.02-2ubuntu0.9_all.deb|4115104|50d7c5f780f215db81677e08d21e681b61295ffe9040429cff9d9c2a0d03fe3d
package_name=qemu-efi-aarch64
package_source=edk2
package_version=2024.02-2ubuntu0.9
package_architecture=all
deb_format=2.0
deb_member_count=3
deb_member_01=debian-binary|4|d526eb4e878a23ef26ae190031b4efd2d58ed66789ac049ea3dbaf74c9df7402
deb_member_02=control.tar.zst|1009|ac9657799880afcda6fe711ad6d06233fe68cdec0643016847f5088784efae87
deb_member_03=data.tar.zst|4113902|9282d3f1a4374319e15d0f6469746f840ac129641c23b84b56cb8fc13112069c
control_tar_uncompressed_size=10240
control_tar_uncompressed_sha256=3240cbed37ce42175baea118366b9391ec1abebac762ee7ec3c97189ddedeed5
control_member=./control|605|d57bb317209726f735f760da3323e3a8abeb6d860b087b56a4f622b2bdf815b7
data_tar_compression=zstd
data_tar_uncompressed_size=337694720
data_tar_uncompressed_sha256=7c1d8217b3928ab9f64099cfee0546684bab8fca670bed2a5e5f375d44bd9f78
firmware_member_count=3
firmware_member_01=symlink|./usr/share/AAVMF/AAVMF_CODE.fd|AAVMF_CODE.no-secboot.fd
firmware_member_02=regular|./usr/share/AAVMF/AAVMF_CODE.no-secboot.fd|67108864|4a4cb7f6d8106bb2a7dd8c763fab14b1810152136fc4304e5b728f0043e84f12|0644|0|0
firmware_member_03=regular|./usr/share/AAVMF/AAVMF_VARS.fd|67108864|b3b855c5a80310168051164986855692d1bdb06e67619856177965cd87c6774f|0644|0|0
harness_code_path=/usr/share/AAVMF/AAVMF_CODE.fd
harness_vars_path=/usr/share/AAVMF/AAVMF_VARS.fd
harness_code_resolution=/usr/share/AAVMF/AAVMF_CODE.no-secboot.fd
archive_filesystem_extraction=false
package_manager_execution=false
maintainer_scripts_executed=false
profile_unresolved_input_count=10
remaining_input_count_if_lock_is_adopted=9
class_02_lock_status=not-established
publisher_authentication=not-established
current_publisher_authorization=not-established
trusted_time=not-established
freshness=not-established
source_to_firmware_provenance=not-established
safety=not-established
network_access=forbidden
mount_execution=forbidden
vm_execution=forbidden
