format=a-quo-omarchy-alarm-rootfs-input-lock-v1
lock_id=a-quo-omarchy4-aarch64-dec29fa-alarm-rootfs-v1
state=reviewed-input-selection
lock_authority=exact-byte-and-detached-signature-selection-only
build_authorization=not-established
runnable=false
retention=caller-supplied-local-exact-bytes-required
durable_retention=not-established
lock_authentication=external-pinned-git-object-required
self_authentication=none
lock_repository=https://github.com/SurreptitiousFabric/a-quo.git
lock_path=packaging/evaluation-input-locks/a-quo-omarchy4-aarch64-dec29fa-alarm-rootfs-v1.lock
profile_repository=https://github.com/SurreptitiousFabric/a-quo.git
profile_commit=e13e74dca3472e54501b35c9b57ee89f57c6aed3
profile_path=packaging/evaluation-targets/a-quo-omarchy4-aarch64-dec29fa-v2.profile
profile_sha256=3c059094f820ee9ee3891e42a9f965c04a3d889b8b86904f7457175e307fc7b6
profile_id=a-quo-omarchy4-aarch64-dec29fa-v2
profile_state=bootstrap-unarmed
profile_armable=false
profile_field_count=129
target_kind=virtual-reference-target
architecture=aarch64
evidence_namespace=phase-a-aarch64-dec29fa
input_class=04-alarm-rootfs-bytes-signature-and-key-blob
selected_input_scope=alarm-rootfs-archive-detached-signature-and-pinned-key-blob
archive_source_url=https://ca.us.mirror.archlinuxarm.org/os/ArchLinuxARM-aarch64-latest.tar.gz
signature_source_url=https://ca.us.mirror.archlinuxarm.org/os/ArchLinuxARM-aarch64-latest.tar.gz.sig
key_source_repository=https://github.com/archlinuxarm/archlinuxarm-keyring.git
key_source_commit=91e6b11698f8df66042d56aaa56fbe9c9263847d
key_source_path=packager/builder.asc
key_source_git_blob_sha1=991d04afb7c980921d25642cc53e5c465740f60c
key_source_url=https://raw.githubusercontent.com/archlinuxarm/archlinuxarm-keyring/91e6b11698f8df66042d56aaa56fbe9c9263847d/packager/builder.asc
object_count=3
object_01=rootfs-archive|ArchLinuxARM-aarch64-latest.tar.gz|application/gzip|829367415|42a4eeaa038994ffd31fa173256ef2f0ef511358eeb41b9ea1f8626391b9b319
object_02=rootfs-detached-signature|ArchLinuxARM-aarch64-latest.tar.gz.sig|application/pgp-signature|566|0157d8cd6261c85205931c766b754d6d56112b28800666fb64add1de192ebe11
object_03=builder-public-key|builder.asc|application/pgp-keys|5304|26196ae6d6efbb1138be6805245d577adbcd94b887eaf0569f88efe003e6b3d9
signature_scheme=openpgp-detached
signature_expected_primary_fingerprint=68B3537F39A313B3E574D06777193F152BDBE6A6
signature_expected_signing_fingerprint=68B3537F39A313B3E574D06777193F152BDBE6A6
signature_creation_unix=1785933702
signature_public_key_algorithm=rsa
signature_hash_algorithm=sha512
signature_class=00
signature_status_policy=one-newsig-one-goodsig-one-validsig-no-expiry-or-revocation-status
keyserver_consumed=false
openpgp_verifier=/usr/bin/gpg
openpgp_verifier_bytes=not-locked
profile_unresolved_input_count=10
remaining_input_count_if_lock_is_adopted=9
publisher_authentication=not-established
current_publisher_authorization=not-established
current_key_revocation=not-established
freshness=not-established
source_to_rootfs_provenance=not-established
safety=not-established
archive_extraction=false
package_manager_execution=forbidden
network_access=forbidden
mount_execution=forbidden
vm_execution=forbidden
