format=a-quo-omarchy-ubuntu-oci-input-lock-v1
lock_id=a-quo-omarchy4-aarch64-dec29fa-ubuntu-oci-v1
state=reviewed-input-selection
lock_authority=exact-byte-selection-only
build_authorization=not-established
runnable=false
retention=caller-supplied-local-exact-bytes-required
durable_retention=not-established
lock_authentication=external-pinned-git-object-required
self_authentication=none
lock_repository=https://github.com/SurreptitiousFabric/a-quo.git
lock_path=packaging/evaluation-input-locks/a-quo-omarchy4-aarch64-dec29fa-ubuntu-oci-v1.lock
profile_repository=https://github.com/SurreptitiousFabric/a-quo.git
profile_commit=e13e74dca3472e54501b35c9b57ee89f57c6aed3
profile_path=packaging/evaluation-targets/a-quo-omarchy4-aarch64-dec29fa-v2.profile
profile_sha256=3c059094f820ee9ee3891e42a9f965c04a3d889b8b86904f7457175e307fc7b6
profile_id=a-quo-omarchy4-aarch64-dec29fa-v2
profile_state=bootstrap-unarmed
profile_armable=false
profile_field_count=129
review_context_receipt_format=a-quo-omarchy-ubuntu-oci-candidate-v1
review_context_receipt_sha256=330874fa539c10a591fdd206d28f990bb4e29a8c4eca62410e31fcb44b50543e
review_context_receipt_authority=none
review_context_required=false
subject_repository=docker.io/library/ubuntu
platform=linux/arm64
variant=v8
object_count=4
object_01=index|index.json|application/vnd.oci.image.index.v1+json|6688|33ceb71981b602c1a7443a53469e4dba065f7503eab3078a2d7a57a2ab987517
object_02=manifest|manifest.json|application/vnd.oci.image.manifest.v1+json|424|95fa486768020359141f1318720f43e7982ef926c792891d984aef9aaf05e7ea
object_03=config|config.json|application/vnd.oci.image.config.v1+json|2067|5b8c0c14690ed170da4e663fe0bae0d58efe59661e791296ffab28ed2113b650
object_04=layer|layer-01.tar.gz|application/vnd.oci.image.layer.v1.tar+gzip|28887235|0b613318ea879878918380aa3aeb220dfe824e311b83bc955cb8a1d4319650ab
descriptor_chain=index-manifest-config-layer
diff_id=sha256:646eea22414270d74b0c9e9d6d3b9550701ae62e658a099825d4d15045a3630b
selected_input_scope=builder-base-oci-object-bytes-only
final_builder_image=not-established
unresolved_input_count=10
publisher_authentication=not-established
source_to_image_provenance=not-established
freshness=not-established
safety=not-established
verifier_network_access=forbidden
vm_execution=forbidden
