format=a-quo-omarchy-ubuntu-apt-input-lock-v1
lock_id=a-quo-omarchy4-aarch64-dec29fa-ubuntu-apt-v1
state=reviewed-input-selection
lock_authority=exact-apt-candidate-selection-only
build_authorization=not-established
runnable=false
retention=caller-supplied-local-exact-bytes-required
durable_retention=not-established
lock_authentication=external-pinned-git-object-required
self_authentication=none
lock_repository=https://github.com/SurreptitiousFabric/a-quo.git
lock_path=packaging/evaluation-input-locks/a-quo-omarchy4-aarch64-dec29fa-ubuntu-apt-v1.lock
profile_repository=https://github.com/SurreptitiousFabric/a-quo.git
profile_commit=e13e74dca3472e54501b35c9b57ee89f57c6aed3
profile_path=packaging/evaluation-targets/a-quo-omarchy4-aarch64-dec29fa-v2.profile
profile_sha256=3c059094f820ee9ee3891e42a9f965c04a3d889b8b86904f7457175e307fc7b6
profile_id=a-quo-omarchy4-aarch64-dec29fa-v2
profile_state=bootstrap-unarmed
profile_armable=false
profile_field_count=129
target_kind=virtual-reference-target
architecture=aarch64
evidence_namespace=phase-a-aarch64-dec29fa
input_class=02-ubuntu-apt-snapshot-and-package-lock
selected_input_scope=ubuntu-snapshot-index-package-state-and-ca-candidate
candidate_status=complete-candidate-no-authority
snapshot_id=20260831T000000Z
original_archive=http://ports.ubuntu.com/ubuntu-ports/
effective_snapshot_archive=https://snapshot.ubuntu.com/ubuntu/20260831T000000Z/
archive_equivalence_to_original_ports=not-established
selected_signing_key_material=not-retained
ubuntu_archive_signature_verification=performed-by-apt-not-independently-replayed
apt_solver_execution=reported-by-acquirer-not-replayed
apt_solver_reexecution=false
transitive_closure_independently_recomputed=false
object_manifest_record_count=122
index_count=19
package_count=93
state_record_count=9
ca_bundle_count=1
candidate_file_count=128
candidate_byte_count=110637976
object_count=6
object_01=apt-candidate-receipt|receipt.apt.v1|text/plain|1688|c99f29429d8d6f87c0651154dee28153af4b6d6c0c47908ca767067d3f1f5d13
object_02=apt-object-manifest|objects.manifest|text/plain|14988|731cde75cece74a2b22cb22e24484951420b44321453fe1abd898b16744ebdaf
object_03=profile-snapshot|prerequisites/profile.snapshot|text/plain|10526|3c059094f820ee9ee3891e42a9f965c04a3d889b8b86904f7457175e307fc7b6
object_04=ubuntu-oci-lock-snapshot|prerequisites/ubuntu-oci.lock.snapshot|text/plain|2286|667545062b9c34b990f1d6441b749a11f01f13bdf3f4aeb87ad9f0fb4a03c878
object_05=builder-context-lock-snapshot|prerequisites/builder-context.lock.snapshot|text/plain|6300|4865e1c9bf4159541afff7d138dee41edc215d988862a0b2d30ed81b09b53f8d
object_06=completion-marker|COMPLETE|text/plain|19|a91c5bb6f5441dc94de72d43bd7bc6ba99bbef762dcc775fd0b779528dba7d67
candidate_byte_verifier=scripts/verify-omarchy-ubuntu-apt-candidate.sh
candidate_byte_verifier_commit=983a458a3606ab44e769fc0d14689df3ddfd8fc7
candidate_byte_verifier_result=two-complete-local-observations
publisher_authentication=not-established
current_publisher_authorization=not-established
trusted_time=not-established
freshness=not-established
source_to_binary_provenance=not-established
safety=not-established
network_access=forbidden
package_installation=false
maintainer_scripts_executed=false
vm_execution=false
