format=a-quo-x86_64-needed-observation-lock-v1
record_role=reviewed-static-needed-policy-source
review_decision=accept-exact-sets-as-x86_64-static-package-policy
review_scope=elf-machine-interpreter-and-dt-needed-only
observation_authority=none
observation_repository=SurreptitiousFabric/a-quo
observation_source_commit=cbbe29b6bc76949182777d7ec10dc73a219f7592
observation_run_id=33447883884
observation_run_attempt=1
observation_artifact_id=9778938759
observation_artifact_name=x86-needed-observation-cbbe29b6bc76949182777d7ec10dc73a219f7592-1
observation_artifact_zip_sha256=97e2dac4a83e8f43f540199bb3b140532159001442ece926b32c9c3d829af394
observation_package_filename=a-quo-0.1.0.r96.gcbbe29b6bc76-1-x86_64.pkg.tar.zst
observation_package_sha256=52394e2115b0b235dcad849bb91856725e945579266628f0f74fd9e5d64fa264
observation_source_archive_sha256=fb43ea0020979a807fa7b49dd30fb014daadf6c67d5154dd735a1c3676065f74
observation_verifier_stdout_sha256=ddad39a08dea63cfe9d87066982847d755135bfe7c27665d365f4a4b4f746034
observation_verifier_stderr_sha256=37c2e972f815dff57385093938a92a5417d28410e7e991b33dec5e3582227852
profile_id=a-quo-omarchy4-x86_64-macbookair7_2-official-4.0.2-v1
profile_sha256=9e6295acb4e5dfa260227741566a58a45caf68f3a4e57ad4d7094f23eece0b6d
evidence_namespace=physical-x86_64-official-omarchy-4.0.2
architecture=x86_64
rust_host=x86_64-unknown-linux-gnu
rust_toolchain=1.98.0
arch_repository_snapshot=2026-08-24
arch_base_image=archlinux:base-devel@sha256:a26046b7363dad8e2614858f4313949ae9b05c9c5f31de343a54864b9e20806f
build_environment=architecture-matched-host-nonhermetic
elf_class=ELF64
elf_data=little-endian
elf_machine=EM_X86_64
elf_machine_bytes_le=3e00
elf_interpreter=/lib64/ld-linux-x86-64.so.2
binary_usr_bin_a-quo_sha256=b4449c82ac11ce8fa98cf588080f773ee10d62a2c0c11c92667ff0d753ea56a4
binary_usr_bin_a-quo-daemon_sha256=23f3d916dafd7c6cde9061f5c0e6d35d1fcb97a7fcdfe915eecce71235afdd7a
binary_usr_lib_a-quo_a-quo-consent_sha256=68c89171f5edbd5d441f133d8936c123a425c0be46c641e81004392ffc3451fc
needed_usr_bin_a-quo=ld-linux-x86-64.so.2,libc.so.6,libgcc_s.so.1,libm.so.6
needed_usr_bin_a-quo-daemon=ld-linux-x86-64.so.2,libc.so.6,libgcc_s.so.1,libm.so.6
needed_usr_lib_a-quo_a-quo-consent=ld-linux-x86-64.so.2,libc.so.6,libgcc_s.so.1,libm.so.6,libwayland-client.so.0
historical_package_static_acceptance=false
historical_needed_observation_accepted_as_policy=false
historical_stage_4_completed=false
historical_stage_5_executed=false
historical_stage_6_authorized=false
native_hardware_claim=not-established
physical_target_evidence=false
package_source_to_binary_provenance_established=false
artifact_signature_verified=false
cross_profile_evidence_accepted=false
aarch64_gate_satisfied_by_x86_64=false
