format=a-quo-x86_64-stage4-f1-lock-v1
repository=SurreptitiousFabric/a-quo
profile_id=a-quo-omarchy4-x86_64-macbookair7_2-official-4.0.2-v1
profile_sha256=9e6295acb4e5dfa260227741566a58a45caf68f3a4e57ad4d7094f23eece0b6d
architecture=x86_64
evidence_namespace=physical-x86_64-official-omarchy-4.0.2
stage4_source_commit=ee47d7f1e4432ea3b3edab25dc0875b7133d5733
workflow_run_id=33456949816
artifact_id=9781997778
artifact_name=x86-static-acceptance-ee47d7f1e4432ea3b3edab25dc0875b7133d5733-1
artifact_zip_sha256=15e24d068cd31b2de8cd23730303b5ad95a5d534d96c76076ddc015558d34f75
artifact_zip_bytes=19036458
artifact_member_count=15
artifact_member_inventory_sha256=88d5a8aa66cd3d1c1e50f6181eb47e7914f657f8b639eaa69a1944fe46aee32a
package_filename=a-quo-0.1.0.r101.gee47d7f1e443-1-x86_64.pkg.tar.zst
package_sha256=75db0ad706aac8c69fefa29c0d27029b80796d665f452e296d0baae09ac25e11
static_acceptance_sha256=4e5c4956115a590d441040addc08411363829aeb8d32932ff064a3017836b56b
verifier_receipt_sha256=575a4c2e2f3347de9f8781a8608c86bb83eeda7a9988273416688bfbe6fbcdfd
hosted_acceptance_sha256=98f20b98821cf35a644df3cc0ee58cdd00781a70524a103f4212257fc803d928
outer_manifest_sha256=a8cccc971941dde6ee270cd76603c6b457e1c71e99953f9b8b0cfe63220960be
stage4_review_issue=36
stage4_review_comment_id=5487053185
observation_authority=none
package_static_acceptance=true
stage_4_completed=true
stage_5_executed=false
stage_6_authorized=false
native_hardware_claim=not-established
physical_target_evidence=false
cross_profile_evidence_accepted=false
aarch64_gate_satisfied_by_x86_64=false
package_source_to_binary_provenance_established=false
publication_performed=false
