format=a-quo-omarchy-joined-lifecycle-input-lock-v1
lock_id=a-quo-omarchy4-aarch64-dec29fa-joined-lifecycle-v1
state=reviewed-input-selection
lock_authority=exact-byte-selection-only
evaluator_arming=not-authorized
build_authorization=not-established
runnable=false
retention=caller-supplied-local-exact-bytes-required
durable_retention=not-established
lock_authentication=external-pinned-git-object-required
self_authentication=none
lock_repository=https://github.com/SurreptitiousFabric/a-quo.git
lock_path=packaging/evaluation-input-locks/a-quo-omarchy4-aarch64-dec29fa-joined-lifecycle-v1.lock
profile_repository=https://github.com/SurreptitiousFabric/a-quo.git
profile_commit=e13e74dca3472e54501b35c9b57ee89f57c6aed3
profile_path=packaging/evaluation-targets/a-quo-omarchy4-aarch64-dec29fa-v2.profile
profile_sha256=3c059094f820ee9ee3891e42a9f965c04a3d889b8b86904f7457175e307fc7b6
profile_id=a-quo-omarchy4-aarch64-dec29fa-v2
profile_state=bootstrap-unarmed
profile_armable=false
profile_field_count=129
target_kind=virtual-reference-target
architecture=aarch64
evidence_namespace=phase-a-aarch64-dec29fa
policy_repository=https://github.com/SurreptitiousFabric/a-quo.git
policy_commit=0e1fcb40c8b0d2e160ca8c139f4a5b6efb9a7400
policy_commit_authentication=not-established
input_class=10-evaluator-scripts-and-fixture-input-lock
selected_input_scope=two-a-quo-packages-two-joined-fixtures-six-policy-files
artifact_count=4
artifact_01=old-a-quo-package|a-quo-0.1.0.r51.g50945229817f-1-aarch64.pkg.tar.zst|arch-package|50945229817f2b5c29166d502f8d702dc0c61bcd|0.1.0.r51.g50945229817f-1|12089177|54d8b225f4f6f26e1ae7b9d46ec398147f25d40f475d9b619aee63d769190a30
artifact_02=new-a-quo-package|a-quo-0.1.0.r61.g81658b7f8d48-1-aarch64.pkg.tar.zst|arch-package|81658b7f8d48b0fdadc860edd1b27e1bf4da7d2f|0.1.0.r61.g81658b7f8d48-1|12169663|ff906394c5fc3346db2e46f9d340d7ad49249380797b759caaef152b4432631d
artifact_03=joined-fixture-v1|aquo.test.joined-lifecycle-1.0.0.pkg.tar.zst|omarchy-plugin-package|54c44f4d4e4bf316ff91af3992c47f0bc3bf9e04|1.0.0|1119|2141fc8de82f40ac6a44b412e640846667b0cc78fd7b83280d157c24f87eaa71
artifact_04=joined-fixture-v2|aquo.test.joined-lifecycle-2.0.0.pkg.tar.zst|omarchy-plugin-package|54c44f4d4e4bf316ff91af3992c47f0bc3bf9e04|2.0.0|1159|806966a0bf27e902fc1e059c2a7004c72afcce085039c568c4ac5e17fead130a
fixture_registry_path=fixtures/omarchy/joined-lifecycle-v1/sources.json
fixture_registry_sha256=73037188e202b9e06f8c402e494ad0aaf9a072deeac343b4b24cd5ca00e4fda0
fixture_source_commit=54c44f4d4e4bf316ff91af3992c47f0bc3bf9e04
fixture_v1_source_tree=8672d1283d23be50affecbd79f4a94f49f51c4d4
fixture_v2_source_tree=70d9948522bf458b70bf2b053958661814fbfb82
fixture_reproducibility=deterministic-same-host-contract-only
policy_file_count=6
policy_file_01=package-lifecycle-bridge|package-lifecycle-bridge.sh|scripts/test-installed-a-quo-package-lifecycle.sh|100755|c1c6a636bc71dfc0e05dab25083eb6416b1d974c|97984|520f37f0fe8b33a9181fdf0aca283b6228c3a7a139fd5f8cbf5458da41bdda98
policy_file_02=consent-lifecycle-evaluator|consent-lifecycle-evaluator.sh|scripts/test-installed-a-quo-consent-lifecycle.sh|100755|d2f05a3d5ec1b8c891287d8aa91967c77ef1b204|83424|5f9aa3c275185b65fc28be354e39ce9035cabe15033d1966a6f1cbf79e7b9201
policy_file_03=omarchy-core-lifecycle-evaluator|omarchy-core-lifecycle-evaluator.sh|scripts/test-installed-omarchy-core-lifecycle.sh|100755|57a2538cf7165a7b0f284f44ab93495b2ebaaad0|76930|b0258322267fedc0b486aa5d8e323184dd1888022784b944f2318a0a76d327c3
policy_file_04=arch-package-verifier|arch-package-verifier.sh|scripts/verify-arch-package-skeleton.sh|100755|c5d24b48ffffe0b603003bdc26070e3e2fd57734|16798|f0427319b1d6903261903c3756d1c2bf77b261be9a298b413fe317c41d495c92
policy_file_05=arch-package-target-resolver|arch-package-target-resolver.sh|scripts/resolve-arch-package-target.sh|100755|161c327561d152543143cd6b0095fddcd7b713f3|7863|e1cbb386db5f890ae61509a2ca33acd6180c459c4a9778c203f9cefbe9b88831
policy_file_06=aarch64-target-profile|aarch64-target.profile|packaging/evaluation-targets/a-quo-omarchy4-aarch64-dec29fa-v2.profile|100644|e1fdce869af4ba53b0a02ecf7afa2d24179efc45|10526|3c059094f820ee9ee3891e42a9f965c04a3d889b8b86904f7457175e307fc7b6
object_count=10
input_class_10_exact_selection_closed=true
profile_unresolved_input_count=10
remaining_input_count_if_lock_is_adopted=9
package_static_verification=not-performed-by-input-lock
package_signatures=absent
fixture_signatures=absent
source_to_binary_provenance=not-established
evaluator_execution=forbidden
package_manager_execution=forbidden
network_access=forbidden
mount_execution=forbidden
vm_execution=forbidden
physical_target_evidence=false
clean_system_claim=not-established
lifecycle_evidence=false
aarch64_evaluation_gate_satisfied=false
cross_profile_evidence_accepted=false
safety=not-established
